
Microsoft Visual Studio Solution File, Format Version 12.00
# Visual Studio Version 17
VisualStudioVersion = 17.10.35122.118
MinimumVisualStudioVersion = 10.0.40219.1
Project("{9A19103F-16F7-4668-BE54-9A1E7A4F7556}") = "NetflixStream.WebAPIs", "NetflixStream.WebAPIs\NetflixStream.WebAPIs.csproj", "{6374830A-A5EB-49E5-85FC-41BFA05F1C51}"
	ProjectSection(ProjectDependencies) = postProject
		{124DBCE1-3278-4F41-A170-966243F651F3} = {124DBCE1-3278-4F41-A170-966243F651F3}
		{81C6C44C-6CE8-483B-8293-DFC89EA404DD} = {81C6C44C-6CE8-483B-8293-DFC89EA404DD}
		{C124D491-6E40-4C46-B771-267F1175F9C2} = {C124D491-6E40-4C46-B771-267F1175F9C2}
		{E5AB77D2-D131-4334-9874-6B8B938D79FF} = {E5AB77D2-D131-4334-9874-6B8B938D79FF}
	EndProjectSection
EndProject
Project("{2150E333-8FDC-42A3-9474-1A3956D46DE8}") = "src", "src", "{510BF4DE-8045-4FCB-9A1C-92EDABBA9D23}"
EndProject
Project("{2150E333-8FDC-42A3-9474-1A3956D46DE8}") = "Presentation", "Presentation", "{7958566E-1102-49E9-9099-470BFEE73087}"
EndProject
Project("{2150E333-8FDC-42A3-9474-1A3956D46DE8}") = "Testing", "Testing", "{C3F79A6A-4449-4E59-B2B4-6B014517B27B}"
EndProject
Project("{2150E333-8FDC-42A3-9474-1A3956D46DE8}") = "Infrastructure", "Infrastructure", "{E366D567-A5F8-4CE4-8C56-9489F49BDB4E}"
EndProject
Project("{9A19103F-16F7-4668-BE54-9A1E7A4F7556}") = "NetflixStream.Infrastructure", "NetflixStream.Infrastructure\NetflixStream.Infrastructure.csproj", "{AA046DF3-FCCE-4DE2-83C3-894D4B867EE6}"
EndProject
Project("{9A19103F-16F7-4668-BE54-9A1E7A4F7556}") = "NetflixStream.UnitTests", "NetflixStream.UnitTests\NetflixStream.UnitTests.csproj", "{E5AB77D2-D131-4334-9874-6B8B938D79FF}"
EndProject
Project("{9A19103F-16F7-4668-BE54-9A1E7A4F7556}") = "NetflixStream.IntegrationTests", "NetflixStream.IntegrationTests\NetflixStream.IntegrationTests.csproj", "{124DBCE1-3278-4F41-A170-966243F651F3}"
EndProject
Project("{9A19103F-16F7-4668-BE54-9A1E7A4F7556}") = "NetflixStream.FunctionalTests", "NetflixStream.FunctionalTests\NetflixStream.FunctionalTests.csproj", "{81C6C44C-6CE8-483B-8293-DFC89EA404DD}"
EndProject
Project("{9A19103F-16F7-4668-BE54-9A1E7A4F7556}") = "NetflixStream.Persistence", "NetflixStream.Presentation\NetflixStream.Persistence.csproj", "{75D07BCF-604B-4A57-996B-962E2EBFDC57}"
EndProject
Project("{2150E333-8FDC-42A3-9474-1A3956D46DE8}") = "_SolutionItems", "_SolutionItems", "{E378AD99-506B-42A3-9E3C-0CBEE037963A}"
EndProject
Project("{2150E333-8FDC-42A3-9474-1A3956D46DE8}") = "Core", "Core", "{2C808368-DD43-405A-B17E-DB6CEB3AC7AB}"
EndProject
Project("{9A19103F-16F7-4668-BE54-9A1E7A4F7556}") = "NetflixStream.Domain", "NetflixStream.Domain\NetflixStream.Domain.csproj", "{C124D491-6E40-4C46-B771-267F1175F9C2}"
EndProject
Project("{9A19103F-16F7-4668-BE54-9A1E7A4F7556}") = "NetflixStream.Application", "NetflixStream.Application\NetflixStream.Application.csproj", "{96225651-EAF1-4D6C-8C2D-D9AA3E0CE5DF}"
EndProject
Global
	GlobalSection(SolutionConfigurationPlatforms) = preSolution
		Debug|Any CPU = Debug|Any CPU
		Release|Any CPU = Release|Any CPU
	EndGlobalSection
	GlobalSection(ProjectConfigurationPlatforms) = postSolution
		{6374830A-A5EB-49E5-85FC-41BFA05F1C51}.Debug|Any CPU.ActiveCfg = Debug|Any CPU
		{6374830A-A5EB-49E5-85FC-41BFA05F1C51}.Debug|Any CPU.Build.0 = Debug|Any CPU
		{6374830A-A5EB-49E5-85FC-41BFA05F1C51}.Release|Any CPU.ActiveCfg = Release|Any CPU
		{6374830A-A5EB-49E5-85FC-41BFA05F1C51}.Release|Any CPU.Build.0 = Release|Any CPU
		{AA046DF3-FCCE-4DE2-83C3-894D4B867EE6}.Debug|Any CPU.ActiveCfg = Debug|Any CPU
		{AA046DF3-FCCE-4DE2-83C3-894D4B867EE6}.Debug|Any CPU.Build.0 = Debug|Any CPU
		{AA046DF3-FCCE-4DE2-83C3-894D4B867EE6}.Release|Any CPU.ActiveCfg = Release|Any CPU
		{AA046DF3-FCCE-4DE2-83C3-894D4B867EE6}.Release|Any CPU.Build.0 = Release|Any CPU
		{E5AB77D2-D131-4334-9874-6B8B938D79FF}.Debug|Any CPU.ActiveCfg = Debug|Any CPU
		{E5AB77D2-D131-4334-9874-6B8B938D79FF}.Debug|Any CPU.Build.0 = Debug|Any CPU
		{E5AB77D2-D131-4334-9874-6B8B938D79FF}.Release|Any CPU.ActiveCfg = Release|Any CPU
		{E5AB77D2-D131-4334-9874-6B8B938D79FF}.Release|Any CPU.Build.0 = Release|Any CPU
		{124DBCE1-3278-4F41-A170-966243F651F3}.Debug|Any CPU.ActiveCfg = Debug|Any CPU
		{124DBCE1-3278-4F41-A170-966243F651F3}.Debug|Any CPU.Build.0 = Debug|Any CPU
		{124DBCE1-3278-4F41-A170-966243F651F3}.Release|Any CPU.ActiveCfg = Release|Any CPU
		{124DBCE1-3278-4F41-A170-966243F651F3}.Release|Any CPU.Build.0 = Release|Any CPU
		{81C6C44C-6CE8-483B-8293-DFC89EA404DD}.Debug|Any CPU.ActiveCfg = Debug|Any CPU
		{81C6C44C-6CE8-483B-8293-DFC89EA404DD}.Debug|Any CPU.Build.0 = Debug|Any CPU
		{81C6C44C-6CE8-483B-8293-DFC89EA404DD}.Release|Any CPU.ActiveCfg = Release|Any CPU
		{81C6C44C-6CE8-483B-8293-DFC89EA404DD}.Release|Any CPU.Build.0 = Release|Any CPU
		{75D07BCF-604B-4A57-996B-962E2EBFDC57}.Debug|Any CPU.ActiveCfg = Debug|Any CPU
		{75D07BCF-604B-4A57-996B-962E2EBFDC57}.Debug|Any CPU.Build.0 = Debug|Any CPU
		{75D07BCF-604B-4A57-996B-962E2EBFDC57}.Release|Any CPU.ActiveCfg = Release|Any CPU
		{75D07BCF-604B-4A57-996B-962E2EBFDC57}.Release|Any CPU.Build.0 = Release|Any CPU
		{C124D491-6E40-4C46-B771-267F1175F9C2}.Debug|Any CPU.ActiveCfg = Debug|Any CPU
		{C124D491-6E40-4C46-B771-267F1175F9C2}.Debug|Any CPU.Build.0 = Debug|Any CPU
		{C124D491-6E40-4C46-B771-267F1175F9C2}.Release|Any CPU.ActiveCfg = Release|Any CPU
		{C124D491-6E40-4C46-B771-267F1175F9C2}.Release|Any CPU.Build.0 = Release|Any CPU
		{96225651-EAF1-4D6C-8C2D-D9AA3E0CE5DF}.Debug|Any CPU.ActiveCfg = Debug|Any CPU
		{96225651-EAF1-4D6C-8C2D-D9AA3E0CE5DF}.Debug|Any CPU.Build.0 = Debug|Any CPU
		{96225651-EAF1-4D6C-8C2D-D9AA3E0CE5DF}.Release|Any CPU.ActiveCfg = Release|Any CPU
		{96225651-EAF1-4D6C-8C2D-D9AA3E0CE5DF}.Release|Any CPU.Build.0 = Release|Any CPU
	EndGlobalSection
	GlobalSection(SolutionProperties) = preSolution
		HideSolutionNode = FALSE
	EndGlobalSection
	GlobalSection(NestedProjects) = preSolution
		{6374830A-A5EB-49E5-85FC-41BFA05F1C51} = {7958566E-1102-49E9-9099-470BFEE73087}
		{7958566E-1102-49E9-9099-470BFEE73087} = {510BF4DE-8045-4FCB-9A1C-92EDABBA9D23}
		{E366D567-A5F8-4CE4-8C56-9489F49BDB4E} = {510BF4DE-8045-4FCB-9A1C-92EDABBA9D23}
		{AA046DF3-FCCE-4DE2-83C3-894D4B867EE6} = {E366D567-A5F8-4CE4-8C56-9489F49BDB4E}
		{E5AB77D2-D131-4334-9874-6B8B938D79FF} = {C3F79A6A-4449-4E59-B2B4-6B014517B27B}
		{124DBCE1-3278-4F41-A170-966243F651F3} = {C3F79A6A-4449-4E59-B2B4-6B014517B27B}
		{81C6C44C-6CE8-483B-8293-DFC89EA404DD} = {C3F79A6A-4449-4E59-B2B4-6B014517B27B}
		{75D07BCF-604B-4A57-996B-962E2EBFDC57} = {E366D567-A5F8-4CE4-8C56-9489F49BDB4E}
		{2C808368-DD43-405A-B17E-DB6CEB3AC7AB} = {510BF4DE-8045-4FCB-9A1C-92EDABBA9D23}
		{C124D491-6E40-4C46-B771-267F1175F9C2} = {2C808368-DD43-405A-B17E-DB6CEB3AC7AB}
		{96225651-EAF1-4D6C-8C2D-D9AA3E0CE5DF} = {2C808368-DD43-405A-B17E-DB6CEB3AC7AB}
	EndGlobalSection
	GlobalSection(ExtensibilityGlobals) = postSolution
		SolutionGuid = {A08BAD37-92B5-4E34-B6B5-E409C0C11ABA}
	EndGlobalSection
EndGlobal
